// !$*UTF8*$!
{
	archiveVersion = 1;
	classes = {
	};
	objectVersion = 56;
	objects = {

/* Begin PBXBuildFile section */
		02919DEF2CEF81BD00424DB9 /* FreshlyApp.swift in Sources */ = {isa = PBXBuildFile; fileRef = 02919DEE2CEF81BD00424DB9 /* FreshlyApp.swift */; };
		02919DF12CEF81BD00424DB9 /* ContentView.swift in Sources */ = {isa = PBXBuildFile; fileRef = 02919DF02CEF81BD00424DB9 /* ContentView.swift */; };
		02919DF32CEF81C100424DB9 /* Assets.xcassets in Resources */ = {isa = PBXBuildFile; fileRef = 02919DF22CEF81C100424DB9 /* Assets.xcassets */; };
		02919DF62CEF81C100424DB9 /* Preview Assets.xcassets in Resources */ = {isa = PBXBuildFile; fileRef = 02919DF52CEF81C100424DB9 /* Preview Assets.xcassets */; };
		02919E002CEF81C100424DB9 /* FreshlyTests.swift in Sources */ = {isa = PBXBuildFile; fileRef = 02919DFF2CEF81C100424DB9 /* FreshlyTests.swift */; };
		02919E0A2CEF81C100424DB9 /* FreshlyUITests.swift in Sources */ = {isa = PBXBuildFile; fileRef = 02919E092CEF81C100424DB9 /* FreshlyUITests.swift */; };
		02919E0C2CEF81C100424DB9 /* FreshlyUITestsLaunchTests.swift in Sources */ = {isa = PBXBuildFile; fileRef = 02919E0B2CEF81C100424DB9 /* FreshlyUITestsLaunchTests.swift */; };
/* End PBXBuildFile section */

/* Begin PBXContainerItemProxy section */
		02919DFC2CEF81C100424DB9 /* PBXContainerItemProxy */ = {
			isa = PBXContainerItemProxy;
			containerPortal = 02919DE32CEF81BD00424DB9 /* Project object */;
			proxyType = 1;
			remoteGlobalIDString = 02919DEA2CEF81BD00424DB9;
			remoteInfo = Freshly;
		};
		02919E062CEF81C100424DB9 /* PBXContainerItemProxy */ = {
			isa = PBXContainerItemProxy;
			containerPortal = 02919DE32CEF81BD00424DB9 /* Project object */;
			proxyType = 1;
			remoteGlobalIDString = 02919DEA2CEF81BD00424DB9;
			remoteInfo = Freshly;
		};
/* End PBXContainerItemProxy section */

/* Begin PBXFileReference section */
		02919DEB2CEF81BD00424DB9 /* Freshly.app */ = {isa = PBXFileReference; explicitFileType = wrapper.application; includeInIndex = 0; path = Freshly.app; sourceTree = BUILT_PRODUCTS_DIR; };
		02919DEE2CEF81BD00424DB9 /* FreshlyApp.swift */ = {isa = PBXFileReference; lastKnownFileType = sourcecode.swift; path = FreshlyApp.swift; sourceTree = "<group>"; };
		02919DF02CEF81BD00424DB9 /* ContentView.swift */ = {isa = PBXFileReference; lastKnownFileType = sourcecode.swift; path = ContentView.swift; sourceTree = "<group>"; };
		02919DF22CEF81C100424DB9 /* Assets.xcassets */ = {isa = PBXFileReference; lastKnownFileType = folder.assetcatalog; path = Assets.xcassets; sourceTree = "<group>"; };
		02919DF52CEF81C100424DB9 /* Preview Assets.xcassets */ = {isa = PBXFileReference; lastKnownFileType = folder.assetcatalog; path = "Preview Assets.xcassets"; sourceTree = "<group>"; };
		02919DFB2CEF81C100424DB9 /* FreshlyTests.xctest */ = {isa = PBXFileReference; explicitFileType = wrapper.cfbundle; includeInIndex = 0; path = FreshlyTests.xctest; sourceTree = BUILT_PRODUCTS_DIR; };
		02919DFF2CEF81C100424DB9 /* FreshlyTests.swift */ = {isa = PBXFileReference; lastKnownFileType = sourcecode.swift; path = FreshlyTests.swift; sourceTree = "<group>"; };
		02919E052CEF81C100424DB9 /* FreshlyUITests.xctest */ = {isa = PBXFileReference; explicitFileType = wrapper.cfbundle; includeInIndex = 0; path = FreshlyUITests.xctest; sourceTree = BUILT_PRODUCTS_DIR; };
		02919E092CEF81C100424DB9 /* FreshlyUITests.swift */ = {isa = PBXFileReference; lastKnownFileType = sourcecode.swift; path = FreshlyUITests.swift; sourceTree = "<group>"; };
		02919E0B2CEF81C100424DB9 /* FreshlyUITestsLaunchTests.swift */ = {isa = PBXFileReference; lastKnownFileType = sourcecode.swift; path = FreshlyUITestsLaunchTests.swift; sourceTree = "<group>"; };
/* End PBXFileReference section */

/* Begin PBXFrameworksBuildPhase section */
		02919DE82CEF81BD00424DB9 /* Frameworks */ = {
			isa = PBXFrameworksBuildPhase;
			buildActionMask = 2147483647;
			files = (
			);
			runOnlyForDeploymentPostprocessing = 0;
		};
		02919DF82CEF81C100424DB9 /* Frameworks */ = {
			isa = PBXFrameworksBuildPhase;
			buildActionMask = 2147483647;
			files = (
			);
			runOnlyForDeploymentPostprocessing = 0;
		};
		02919E022CEF81C100424DB9 /* Frameworks */ = {
			isa = PBXFrameworksBuildPhase;
			buildActionMask = 2147483647;
			files = (
			);
			runOnlyForDeploymentPostprocessing = 0;
		};
/* End PBXFrameworksBuildPhase section */

/* Begin PBXGroup section */
		02919DE22CEF81BD00424DB9 = {
			isa = PBXGroup;
			children = (
				02919DED2CEF81BD00424DB9 /* Freshly */,
				02919DFE2CEF81C100424DB9 /* FreshlyTests */,
				02919E082CEF81C100424DB9 /* FreshlyUITests */,
				02919DEC2CEF81BD00424DB9 /* Products */,
			);
			sourceTree = "<group>";
		};
		02919DEC2CEF81BD00424DB9 /* Products */ = {
			isa = PBXGroup;
			children = (
				02919DEB2CEF81BD00424DB9 /* Freshly.app */,
				02919DFB2CEF81C100424DB9 /* FreshlyTests.xctest */,
				02919E052CEF81C100424DB9 /* FreshlyUITests.xctest */,
			);
			name = Products;
			sourceTree = "<group>";
		};
		02919DED2CEF81BD00424DB9 /* Freshly */ = {
			isa = PBXGroup;
			children = (
				02919DEE2CEF81BD00424DB9 /* FreshlyApp.swift */,
				02919DF02CEF81BD00424DB9 /* ContentView.swift */,
				02919DF22CEF81C100424DB9 /* Assets.xcassets */,
				02919DF42CEF81C100424DB9 /* Preview Content */,
			);
			path = Freshly;
			sourceTree = "<group>";
		};
		02919DF42CEF81C100424DB9 /* Preview Content */ = {
			isa = PBXGroup;
			children = (
				02919DF52CEF81C100424DB9 /* Preview Assets.xcassets */,
			);
			path = "Preview Content";
			sourceTree = "<group>";
		};
		02919DFE2CEF81C100424DB9 /* FreshlyTests */ = {
			isa = PBXGroup;
			children = (
				02919DFF2CEF81C100424DB9 /* FreshlyTests.swift */,
			);
			path = FreshlyTests;
			sourceTree = "<group>";
		};
		02919E082CEF81C100424DB9 /* FreshlyUITests */ = {
			isa = PBXGroup;
			children = (
				02919E092CEF81C100424DB9 /* FreshlyUITests.swift */,
				02919E0B2CEF81C100424DB9 /* FreshlyUITestsLaunchTests.swift */,
			);
			path = FreshlyUITests;
			sourceTree = "<group>";
		};
/* End PBXGroup section */

/* Begin PBXNativeTarget section */
		02919DEA2CEF81BD00424DB9 /* Freshly */ = {
			isa = PBXNativeTarget;
			buildConfigurationList = 02919E0F2CEF81C100424DB9 /* Build configuration list for PBXNativeTarget "Freshly" */;
			buildPhases = (
				02919DE72CEF81BD00424DB9 /* Sources */,
				02919DE82CEF81BD00424DB9 /* Frameworks */,
				02919DE92CEF81BD00424DB9 /* Resources */,
			);
			buildRules = (
			);
			dependencies = (
			);
			name = Freshly;
			productName = Freshly;
			productReference = 02919DEB2CEF81BD00424DB9 /* Freshly.app */;
			productType = "com.apple.product-type.application";
		};
		02919DFA2CEF81C100424DB9 /* FreshlyTests */ = {
			isa = PBXNativeTarget;
			buildConfigurationList = 02919E122CEF81C100424DB9 /* Build configuration list for PBXNativeTarget "FreshlyTests" */;
			buildPhases = (
				02919DF72CEF81C100424DB9 /* Sources */,
				02919DF82CEF81C100424DB9 /* Frameworks */,
				02919DF92CEF81C100424DB9 /* Resources */,
			);
			buildRules = (
			);
			dependencies = (
				02919DFD2CEF81C100424DB9 /* PBXTargetDependency */,
			);
			name = FreshlyTests;
			productName = FreshlyTests;
			productReference = 02919DFB2CEF81C100424DB9 /* FreshlyTests.xctest */;
			productType = "com.apple.product-type.bundle.unit-test";
		};
		02919E042CEF81C100424DB9 /* FreshlyUITests */ = {
			isa = PBXNativeTarget;
			buildConfigurationList = 02919E152CEF81C100424DB9 /* Build configuration list for PBXNativeTarget "FreshlyUITests" */;
			buildPhases = (
				02919E012CEF81C100424DB9 /* Sources */,
				02919E022CEF81C100424DB9 /* Frameworks */,
				02919E032CEF81C100424DB9 /* Resources */,
			);
			buildRules = (
			);
			dependencies = (
				02919E072CEF81C100424DB9 /* PBXTargetDependency */,
			);
			name = FreshlyUITests;
			productName = FreshlyUITests;
			productReference = 02919E052CEF81C100424DB9 /* FreshlyUITests.xctest */;
			productType = "com.apple.product-type.bundle.ui-testing";
		};
/* End PBXNativeTarget section */

/* Begin PBXProject section */
		02919DE32CEF81BD00424DB9 /* Project object */ = {
			isa = PBXProject;
			attributes = {
				BuildIndependentTargetsInParallel = 1;
				LastSwiftUpdateCheck = 1540;
				LastUpgradeCheck = 1540;
				TargetAttributes = {
					02919DEA2CEF81BD00424DB9 = {
						CreatedOnToolsVersion = 15.4;
					};
					02919DFA2CEF81C100424DB9 = {
						CreatedOnToolsVersion = 15.4;
						TestTargetID = 02919DEA2CEF81BD00424DB9;
					};
					02919E042CEF81C100424DB9 = {
						CreatedOnToolsVersion = 15.4;
						TestTargetID = 02919DEA2CEF81BD00424DB9;
					};
				};
			};
			buildConfigurationList = 02919DE62CEF81BD00424DB9 /* Build configuration list for PBXProject "Freshly" */;
			compatibilityVersion = "Xcode 14.0";
			developmentRegion = en;
			hasScannedForEncodings = 0;
			knownRegions = (
				en,
				Base,
			);
			mainGroup = 02919DE22CEF81BD00424DB9;
			productRefGroup = 02919DEC2CEF81BD00424DB9 /* Products */;
			projectDirPath = "";
			projectRoot = "";
			targets = (
				02919DEA2CEF81BD00424DB9 /* Freshly */,
				02919DFA2CEF81C100424DB9 /* FreshlyTests */,
				02919E042CEF81C100424DB9 /* FreshlyUITests */,
			);
		};
/* End PBXProject section */

/* Begin PBXResourcesBuildPhase section */
		02919DE92CEF81BD00424DB9 /* Resources */ = {
			isa = PBXResourcesBuildPhase;
			buildActionMask = 2147483647;
			files = (
				02919DF62CEF81C100424DB9 /* Preview Assets.xcassets in Resources */,
				02919DF32CEF81C100424DB9 /* Assets.xcassets in Resources */,
			);
			runOnlyForDeploymentPostprocessing = 0;
		};
		02919DF92CEF81C100424DB9 /* Resources */ = {
			isa = PBXResourcesBuildPhase;
			buildActionMask = 2147483647;
			files = (
			);
			runOnlyForDeploymentPostprocessing = 0;
		};
		02919E032CEF81C100424DB9 /* Resources */ = {
			isa = PBXResourcesBuildPhase;
			buildActionMask = 2147483647;
			files = (
			);
			runOnlyForDeploymentPostprocessing = 0;
		};
/* End PBXResourcesBuildPhase section */

/* Begin PBXSourcesBuildPhase section */
		02919DE72CEF81BD00424DB9 /* Sources */ = {
			isa = PBXSourcesBuildPhase;
			buildActionMask = 2147483647;
			files = (
				02919DF12CEF81BD00424DB9 /* ContentView.swift in Sources */,
				02919DEF2CEF81BD00424DB9 /* FreshlyApp.swift in Sources */,
			);
			runOnlyForDeploymentPostprocessing = 0;
		};
		02919DF72CEF81C100424DB9 /* Sources */ = {
			isa = PBXSourcesBuildPhase;
			buildActionMask = 2147483647;
			files = (
				02919E002CEF81C100424DB9 /* FreshlyTests.swift in Sources */,
			);
			runOnlyForDeploymentPostprocessing = 0;
		};
		02919E012CEF81C100424DB9 /* Sources */ = {
			isa = PBXSourcesBuildPhase;
			buildActionMask = 2147483647;
			files = (
				02919E0C2CEF81C100424DB9 /* FreshlyUITestsLaunchTests.swift in Sources */,
				02919E0A2CEF81C100424DB9 /* FreshlyUITests.swift in Sources */,
			);
			runOnlyForDeploymentPostprocessing = 0;
		};
/* End PBXSourcesBuildPhase section */

/* Begin PBXTargetDependency section */
		02919DFD2CEF81C100424DB9 /* PBXTargetDependency */ = {
			isa = PBXTargetDependency;
			target = 02919DEA2CEF81BD00424DB9 /* Freshly */;
			targetProxy = 02919DFC2CEF81C100424DB9 /* PBXContainerItemProxy */;
		};
		02919E072CEF81C100424DB9 /* PBXTargetDependency */ = {
			isa = PBXTargetDependency;
			target = 02919DEA2CEF81BD00424DB9 /* Freshly */;
			targetProxy = 02919E062CEF81C100424DB9 /* PBXContainerItemProxy */;
		};
/* End PBXTargetDependency section */

/* Begin XCBuildConfiguration section */
		02919E0D2CEF81C100424DB9 /* Debug */ = {
			isa = XCBuildConfiguration;
			buildSettings = {
				ALWAYS_SEARCH_USER_PATHS = NO;
				ASSETCATALOG_COMPILER_GENERATE_SWIFT_ASSET_SYMBOL_EXTENSIONS = YES;
				CLANG_ANALYZER_NONNULL = YES;
				CLANG_ANALYZER_NUMBER_OBJECT_CONVERSION = YES_AGGRESSIVE;
				CLANG_CXX_LANGUAGE_STANDARD = "gnu++20";
				CLANG_ENABLE_MODULES = YES;
				CLANG_ENABLE_OBJC_ARC = YES;
				CLANG_ENABLE_OBJC_WEAK = YES;
				CLANG_WARN_BLOCK_CAPTURE_AUTORELEASING = YES;
				CLANG_WARN_BOOL_CONVERSION = YES;
				CLANG_WARN_COMMA = YES;
				CLANG_WARN_CONSTANT_CONVERSION = YES;
				CLANG_WARN_DEPRECATED_OBJC_IMPLEMENTATIONS = YES;
				CLANG_WARN_DIRECT_OBJC_ISA_USAGE = YES_ERROR;
				CLANG_WARN_DOCUMENTATION_COMMENTS = YES;
				CLANG_WARN_EMPTY_BODY = YES;
				CLANG_WARN_ENUM_CONVERSION = YES;
				CLANG_WARN_INFINITE_RECURSION = YES;
				CLANG_WARN_INT_CONVERSION = YES;
				CLANG_WARN_NON_LITERAL_NULL_CONVERSION = YES;
				CLANG_WARN_OBJC_IMPLICIT_RETAIN_SELF = YES;
				CLANG_WARN_OBJC_LITERAL_CONVERSION = YES;
				CLANG_WARN_OBJC_ROOT_CLASS = YES_ERROR;
				CLANG_WARN_QUOTED_INCLUDE_IN_FRAMEWORK_HEADER = YES;
				CLANG_WARN_RANGE_LOOP_ANALYSIS = YES;
				CLANG_WARN_STRICT_PROTOTYPES = YES;
				CLANG_WARN_SUSPICIOUS_MOVE = YES;
				CLANG_WARN_UNGUARDED_AVAILABILITY = YES_AGGRESSIVE;
				CLANG_WARN_UNREACHABLE_CODE = YES;
				CLANG_WARN__DUPLICATE_METHOD_MATCH = YES;
				COPY_PHASE_STRIP = NO;
				DEBUG_INFORMATION_FORMAT = dwarf;
				ENABLE_STRICT_OBJC_MSGSEND = YES;
				ENABLE_TESTABILITY = YES;
				ENABLE_USER_SCRIPT_SANDBOXING = YES;
				GCC_C_LANGUAGE_STANDARD = gnu17;
				GCC_DYNAMIC_NO_PIC = NO;
				GCC_NO_COMMON_BLOCKS = YES;
				GCC_OPTIMIZATION_LEVEL = 0;
				GCC_PREPROCESSOR_DEFINITIONS = (
					"DEBUG=1",
					"$(inherited)",
				);
				GCC_WARN_64_TO_32_BIT_CONVERSION = YES;
				GCC_WARN_ABOUT_RETURN_TYPE = YES_ERROR;
				GCC_WARN_UNDECLARED_SELECTOR = YES;
				GCC_WARN_UNINITIALIZED_AUTOS = YES_AGGRESSIVE;
				GCC_WARN_UNUSED_FUNCTION = YES;
				GCC_WARN_UNUSED_VARIABLE = YES;
				IPHONEOS_DEPLOYMENT_TARGET = 17.5;
				LOCALIZATION_PREFERS_STRING_CATALOGS = YES;
				MTL_ENABLE_DEBUG_INFO = INCLUDE_SOURCE;
				MTL_FAST_MATH = YES;
				ONLY_ACTIVE_ARCH = YES;
				SDKROOT = iphoneos;
				SWIFT_ACTIVE_COMPILATION_CONDITIONS = "DEBUG $(inherited)";
				SWIFT_OPTIMIZATION_LEVEL = "-Onone";
			};
			name = Debug;
		};
		02919E0E2CEF81C100424DB9 /* Release */ = {
			isa = XCBuildConfiguration;
			buildSettings = {
				ALWAYS_SEARCH_USER_PATHS = NO;
				ASSETCATALOG_COMPILER_GENERATE_SWIFT_ASSET_SYMBOL_EXTENSIONS = YES;
				CLANG_ANALYZER_NONNULL = YES;
				CLANG_ANALYZER_NUMBER_OBJECT_CONVERSION = YES_AGGRESSIVE;
				CLANG_CXX_LANGUAGE_STANDARD = "gnu++20";
				CLANG_ENABLE_MODULES = YES;
				CLANG_ENABLE_OBJC_ARC = YES;
				CLANG_ENABLE_OBJC_WEAK = YES;
				CLANG_WARN_BLOCK_CAPTURE_AUTORELEASING = YES;
				CLANG_WARN_BOOL_CONVERSION = YES;
				CLANG_WARN_COMMA = YES;
				CLANG_WARN_CONSTANT_CONVERSION = YES;
				CLANG_WARN_DEPRECATED_OBJC_IMPLEMENTATIONS = YES;
				CLANG_WARN_DIRECT_OBJC_ISA_USAGE = YES_ERROR;
				CLANG_WARN_DOCUMENTATION_COMMENTS = YES;
				CLANG_WARN_EMPTY_BODY = YES;
				CLANG_WARN_ENUM_CONVERSION = YES;
				CLANG_WARN_INFINITE_RECURSION = YES;
				CLANG_WARN_INT_CONVERSION = YES;
				CLANG_WARN_NON_LITERAL_NULL_CONVERSION = YES;
				CLANG_WARN_OBJC_IMPLICIT_RETAIN_SELF = YES;
				CLANG_WARN_OBJC_LITERAL_CONVERSION = YES;
				CLANG_WARN_OBJC_ROOT_CLASS = YES_ERROR;
				CLANG_WARN_QUOTED_INCLUDE_IN_FRAMEWORK_HEADER = YES;
				CLANG_WARN_RANGE_LOOP_ANALYSIS = YES;
				CLANG_WARN_STRICT_PROTOTYPES = YES;
				CLANG_WARN_SUSPICIOUS_MOVE = YES;
				CLANG_WARN_UNGUARDED_AVAILABILITY = YES_AGGRESSIVE;
				CLANG_WARN_UNREACHABLE_CODE = YES;
				CLANG_WARN__DUPLICATE_METHOD_MATCH = YES;
				COPY_PHASE_STRIP = NO;
				DEBUG_INFORMATION_FORMAT = "dwarf-with-dsym";
				ENABLE_NS_ASSERTIONS = NO;
				ENABLE_STRICT_OBJC_MSGSEND = YES;
				ENABLE_USER_SCRIPT_SANDBOXING = YES;
				GCC_C_LANGUAGE_STANDARD = gnu17;
				GCC_NO_COMMON_BLOCKS = YES;
				GCC_WARN_64_TO_32_BIT_CONVERSION = YES;
				GCC_WARN_ABOUT_RETURN_TYPE = YES_ERROR;
				GCC_WARN_UNDECLARED_SELECTOR = YES;
				GCC_WARN_UNINITIALIZED_AUTOS = YES_AGGRESSIVE;
				GCC_WARN_UNUSED_FUNCTION = YES;
				GCC_WARN_UNUSED_VARIABLE = YES;
				IPHONEOS_DEPLOYMENT_TARGET = 17.5;
				LOCALIZATION_PREFERS_STRING_CATALOGS = YES;
				MTL_ENABLE_DEBUG_INFO = NO;
				MTL_FAST_MATH = YES;
				SDKROOT = iphoneos;
				SWIFT_COMPILATION_MODE = wholemodule;
				VALIDATE_PRODUCT = YES;
			};
			name = Release;
		};
		02919E102CEF81C100424DB9 /* Debug */ = {
			isa = XCBuildConfiguration;
			buildSettings = {
				ASSETCATALOG_COMPILER_APPICON_NAME = AppIcon;
				ASSETCATALOG_COMPILER_GLOBAL_ACCENT_COLOR_NAME = AccentColor;
				CODE_SIGN_STYLE = Automatic;
				CURRENT_PROJECT_VERSION = 1;
				DEVELOPMENT_ASSET_PATHS = "\"Freshly/Preview Content\"";
				DEVELOPMENT_TEAM = 873C79DZCG;
				ENABLE_PREVIEWS = YES;
				GENERATE_INFOPLIST_FILE = YES;
				INFOPLIST_KEY_UIApplicationSceneManifest_Generation = YES;
				INFOPLIST_KEY_UIApplicationSupportsIndirectInputEvents = YES;
				INFOPLIST_KEY_UILaunchScreen_Generation = YES;
				INFOPLIST_KEY_UISupportedInterfaceOrientations_iPad = "UIInterfaceOrientationPortrait UIInterfaceOrientationPortraitUpsideDown UIInterfaceOrientationLandscapeLeft UIInterfaceOrientationLandscapeRight";
				INFOPLIST_KEY_UISupportedInterfaceOrientations_iPhone = "UIInterfaceOrientationPortrait UIInterfaceOrientationLandscapeLeft UIInterfaceOrientationLandscapeRight";
				LD_RUNPATH_SEARCH_PATHS = (
					"$(inherited)",
					"@executable_path/Frameworks",
				);
				MARKETING_VERSION = 1.0;
				PRODUCT_BUNDLE_IDENTIFIER = AnshumanBhatt.Freshly;
				PRODUCT_NAME = "$(TARGET_NAME)";
				SWIFT_EMIT_LOC_STRINGS = YES;
				SWIFT_VERSION = 5.0;
				TARGETED_DEVICE_FAMILY = "1,2";
			};
			name = Debug;
		};
		02919E112CEF81C100424DB9 /* Release */ = {
			isa = XCBuildConfiguration;
			buildSettings = {
				ASSETCATALOG_COMPILER_APPICON_NAME = AppIcon;
				ASSETCATALOG_COMPILER_GLOBAL_ACCENT_COLOR_NAME = AccentColor;
				CODE_SIGN_STYLE = Automatic;
				CURRENT_PROJECT_VERSION = 1;
				DEVELOPMENT_ASSET_PATHS = "\"Freshly/Preview Content\"";
				DEVELOPMENT_TEAM = 873C79DZCG;
				ENABLE_PREVIEWS = YES;
				GENERATE_INFOPLIST_FILE = YES;
				INFOPLIST_KEY_UIApplicationSceneManifest_Generation = YES;
				INFOPLIST_KEY_UIApplicationSupportsIndirectInputEvents = YES;
				INFOPLIST_KEY_UILaunchScreen_Generation = YES;
				INFOPLIST_KEY_UISupportedInterfaceOrientations_iPad = "UIInterfaceOrientationPortrait UIInterfaceOrientationPortraitUpsideDown UIInterfaceOrientationLandscapeLeft UIInterfaceOrientationLandscapeRight";
				INFOPLIST_KEY_UISupportedInterfaceOrientations_iPhone = "UIInterfaceOrientationPortrait UIInterfaceOrientationLandscapeLeft UIInterfaceOrientationLandscapeRight";
				LD_RUNPATH_SEARCH_PATHS = (
					"$(inherited)",
					"@executable_path/Frameworks",
				);
				MARKETING_VERSION = 1.0;
				PRODUCT_BUNDLE_IDENTIFIER = AnshumanBhatt.Freshly;
				PRODUCT_NAME = "$(TARGET_NAME)";
				SWIFT_EMIT_LOC_STRINGS = YES;
				SWIFT_VERSION = 5.0;
				TARGETED_DEVICE_FAMILY = "1,2";
			};
			name = Release;
		};
		02919E132CEF81C100424DB9 /* Debug */ = {
			isa = XCBuildConfiguration;
			buildSettings = {
				ALWAYS_EMBED_SWIFT_STANDARD_LIBRARIES = YES;
				BUNDLE_LOADER = "$(TEST_HOST)";
				CODE_SIGN_STYLE = Automatic;
				CURRENT_PROJECT_VERSION = 1;
				DEVELOPMENT_TEAM = 873C79DZCG;
				GENERATE_INFOPLIST_FILE = YES;
				IPHONEOS_DEPLOYMENT_TARGET = 17.5;
				MARKETING_VERSION = 1.0;
				PRODUCT_BUNDLE_IDENTIFIER = AnshumanBhatt.FreshlyTests;
				PRODUCT_NAME = "$(TARGET_NAME)";
				SWIFT_EMIT_LOC_STRINGS = NO;
				SWIFT_VERSION = 5.0;
				TARGETED_DEVICE_FAMILY = "1,2";
				TEST_HOST = "$(BUILT_PRODUCTS_DIR)/Freshly.app/$(BUNDLE_EXECUTABLE_FOLDER_PATH)/Freshly";
			};
			name = Debug;
		};
		02919E142CEF81C100424DB9 /* Release */ = {
			isa = XCBuildConfiguration;
			buildSettings = {
				ALWAYS_EMBED_SWIFT_STANDARD_LIBRARIES = YES;
				BUNDLE_LOADER = "$(TEST_HOST)";
				CODE_SIGN_STYLE = Automatic;
				CURRENT_PROJECT_VERSION = 1;
				DEVELOPMENT_TEAM = 873C79DZCG;
				GENERATE_INFOPLIST_FILE = YES;
				IPHONEOS_DEPLOYMENT_TARGET = 17.5;
				MARKETING_VERSION = 1.0;
				PRODUCT_BUNDLE_IDENTIFIER = AnshumanBhatt.FreshlyTests;
				PRODUCT_NAME = "$(TARGET_NAME)";
				SWIFT_EMIT_LOC_STRINGS = NO;
				SWIFT_VERSION = 5.0;
				TARGETED_DEVICE_FAMILY = "1,2";
				TEST_HOST = "$(BUILT_PRODUCTS_DIR)/Freshly.app/$(BUNDLE_EXECUTABLE_FOLDER_PATH)/Freshly";
			};
			name = Release;
		};
		02919E162CEF81C100424DB9 /* Debug */ = {
			isa = XCBuildConfiguration;
			buildSettings = {
				ALWAYS_EMBED_SWIFT_STANDARD_LIBRARIES = YES;
				CODE_SIGN_STYLE = Automatic;
				CURRENT_PROJECT_VERSION = 1;
				DEVELOPMENT_TEAM = 873C79DZCG;
				GENERATE_INFOPLIST_FILE = YES;
				MARKETING_VERSION = 1.0;
				PRODUCT_BUNDLE_IDENTIFIER = AnshumanBhatt.FreshlyUITests;
				PRODUCT_NAME = "$(TARGET_NAME)";
				SWIFT_EMIT_LOC_STRINGS = NO;
				SWIFT_VERSION = 5.0;
				TARGETED_DEVICE_FAMILY = "1,2";
				TEST_TARGET_NAME = Freshly;
			};
			name = Debug;
		};
		02919E172CEF81C100424DB9 /* Release */ = {
			isa = XCBuildConfiguration;
			buildSettings = {
				ALWAYS_EMBED_SWIFT_STANDARD_LIBRARIES = YES;
				CODE_SIGN_STYLE = Automatic;
				CURRENT_PROJECT_VERSION = 1;
				DEVELOPMENT_TEAM = 873C79DZCG;
				GENERATE_INFOPLIST_FILE = YES;
				MARKETING_VERSION = 1.0;
				PRODUCT_BUNDLE_IDENTIFIER = AnshumanBhatt.FreshlyUITests;
				PRODUCT_NAME = "$(TARGET_NAME)";
				SWIFT_EMIT_LOC_STRINGS = NO;
				SWIFT_VERSION = 5.0;
				TARGETED_DEVICE_FAMILY = "1,2";
				TEST_TARGET_NAME = Freshly;
			};
			name = Release;
		};
/* End XCBuildConfiguration section */

/* Begin XCConfigurationList section */
		02919DE62CEF81BD00424DB9 /* Build configuration list for PBXProject "Freshly" */ = {
			isa = XCConfigurationList;
			buildConfigurations = (
				02919E0D2CEF81C100424DB9 /* Debug */,
				02919E0E2CEF81C100424DB9 /* Release */,
			);
			defaultConfigurationIsVisible = 0;
			defaultConfigurationName = Release;
		};
		02919E0F2CEF81C100424DB9 /* Build configuration list for PBXNativeTarget "Freshly" */ = {
			isa = XCConfigurationList;
			buildConfigurations = (
				02919E102CEF81C100424DB9 /* Debug */,
				02919E112CEF81C100424DB9 /* Release */,
			);
			defaultConfigurationIsVisible = 0;
			defaultConfigurationName = Release;
		};
		02919E122CEF81C100424DB9 /* Build configuration list for PBXNativeTarget "FreshlyTests" */ = {
			isa = XCConfigurationList;
			buildConfigurations = (
				02919E132CEF81C100424DB9 /* Debug */,
				02919E142CEF81C100424DB9 /* Release */,
			);
			defaultConfigurationIsVisible = 0;
			defaultConfigurationName = Release;
		};
		02919E152CEF81C100424DB9 /* Build configuration list for PBXNativeTarget "FreshlyUITests" */ = {
			isa = XCConfigurationList;
			buildConfigurations = (
				02919E162CEF81C100424DB9 /* Debug */,
				02919E172CEF81C100424DB9 /* Release */,
			);
			defaultConfigurationIsVisible = 0;
			defaultConfigurationName = Release;
		};
/* End XCConfigurationList section */
	};
	rootObject = 02919DE32CEF81BD00424DB9 /* Project object */;
}
